
Microsoft Visual Studio Solution File, Format Version 12.00
# Visual Studio 15
VisualStudioVersion = 15.0.28307.539
MinimumVisualStudioVersion = 10.0.40219.1
Project("{FAE04EC0-301F-11D3-BF4B-00C04F79EFBC}") = "FunnyNotFunny", "FunnyNotFunny\FunnyNotFunny.csproj", "{C697AD27-F3AA-4C8D-B81F-CBBD40895095}"
EndProject
Global
	GlobalSection(SolutionConfigurationPlatforms) = preSolution
		Debug|Any CPU = Debug|Any CPU
		Release|Any CPU = Release|Any CPU
	EndGlobalSection
	GlobalSection(ProjectConfigurationPlatforms) = postSolution
		{C697AD27-F3AA-4C8D-B81F-CBBD40895095}.Debug|Any CPU.ActiveCfg = Debug|Any CPU
		{C697AD27-F3AA-4C8D-B81F-CBBD40895095}.Debug|Any CPU.Build.0 = Debug|Any CPU
		{C697AD27-F3AA-4C8D-B81F-CBBD40895095}.Release|Any CPU.ActiveCfg = Release|Any CPU
		{C697AD27-F3AA-4C8D-B81F-CBBD40895095}.Release|Any CPU.Build.0 = Release|Any CPU
	EndGlobalSection
	GlobalSection(SolutionProperties) = preSolution
		HideSolutionNode = FALSE
	EndGlobalSection
	GlobalSection(ExtensibilityGlobals) = postSolution
		SolutionGuid = {F8E386FA-06FC-42A1-AC1F-E49CB9A056EF}
	EndGlobalSection
EndGlobal
